
Microsoft Visual Studio Solution File, Format Version 12.00
# Visual Studio Version 17
VisualStudioVersion = 17.4.33213.308
MinimumVisualStudioVersion = 10.0.40219.1
Project("{9A19103F-16F7-4668-BE54-9A1E7A4F7556}") = "GiftCard", "GIftCard\GiftCard.csproj", "{DADEAB60-E4D4-4DA9-9CE5-AB89A7EE8E89}"
EndProject
Global
	GlobalSection(SolutionConfigurationPlatforms) = preSolution
		Debug|Any CPU = Debug|Any CPU
		Release|Any CPU = Release|Any CPU
	EndGlobalSection
	GlobalSection(ProjectConfigurationPlatforms) = postSolution
		{DADEAB60-E4D4-4DA9-9CE5-AB89A7EE8E89}.Debug|Any CPU.ActiveCfg = Debug|Any CPU
		{DADEAB60-E4D4-4DA9-9CE5-AB89A7EE8E89}.Debug|Any CPU.Build.0 = Debug|Any CPU
		{DADEAB60-E4D4-4DA9-9CE5-AB89A7EE8E89}.Release|Any CPU.ActiveCfg = Release|Any CPU
		{DADEAB60-E4D4-4DA9-9CE5-AB89A7EE8E89}.Release|Any CPU.Build.0 = Release|Any CPU
	EndGlobalSection
	GlobalSection(SolutionProperties) = preSolution
		HideSolutionNode = FALSE
	EndGlobalSection
	GlobalSection(ExtensibilityGlobals) = postSolution
		SolutionGuid = {7275DCC4-3088-42FC-B124-9C3EA106AD07}
	EndGlobalSection
EndGlobal
